
Microsoft Visual Studio Solution File, Format Version 12.00
# Visual Studio Version 17
VisualStudioVersion = 17.11.35222.181
MinimumVisualStudioVersion = 10.0.40219.1
Project("{FAE04EC0-301F-11D3-BF4B-00C04F79EFBC}") = "Learn2CodeV2", "Learn2CodeV2\Learn2CodeV2.csproj", "{30BEB49B-380C-4C45-922C-73B210C39F12}"
EndProject
Project("{9A19103F-16F7-4668-BE54-9A1E7A4F7556}") = "PositionTests.Tests", "PositionTests.Tests\PositionTests.Tests.csproj", "{BDAFFC02-F0E3-49B7-A67C-2945B920DBE8}"
EndProject
Project("{9A19103F-16F7-4668-BE54-9A1E7A4F7556}") = "CommandTests", "CommandTests\CommandTests.csproj", "{0BA87059-7617-4E37-9319-023F8F5760EE}"
EndProject
Project("{2150E333-8FDC-42A3-9474-1A3956D46DE8}") = "Tests", "Tests", "{CEAC2628-C379-4B6D-80C7-C64EE5FC737D}"
EndProject
Project("{FAE04EC0-301F-11D3-BF4B-00C04F79EFBC}") = "StringToCommandTest", "PresetToCommandTest\StringToCommandTest.csproj", "{3024A3B2-1E17-4238-8F0B-8BB2F2317640}"
EndProject
Global
	GlobalSection(SolutionConfigurationPlatforms) = preSolution
		Debug|Any CPU = Debug|Any CPU
		Release|Any CPU = Release|Any CPU
	EndGlobalSection
	GlobalSection(ProjectConfigurationPlatforms) = postSolution
		{30BEB49B-380C-4C45-922C-73B210C39F12}.Debug|Any CPU.ActiveCfg = Debug|Any CPU
		{30BEB49B-380C-4C45-922C-73B210C39F12}.Debug|Any CPU.Build.0 = Debug|Any CPU
		{30BEB49B-380C-4C45-922C-73B210C39F12}.Release|Any CPU.ActiveCfg = Release|Any CPU
		{30BEB49B-380C-4C45-922C-73B210C39F12}.Release|Any CPU.Build.0 = Release|Any CPU
		{BDAFFC02-F0E3-49B7-A67C-2945B920DBE8}.Debug|Any CPU.ActiveCfg = Debug|Any CPU
		{BDAFFC02-F0E3-49B7-A67C-2945B920DBE8}.Debug|Any CPU.Build.0 = Debug|Any CPU
		{BDAFFC02-F0E3-49B7-A67C-2945B920DBE8}.Release|Any CPU.ActiveCfg = Release|Any CPU
		{BDAFFC02-F0E3-49B7-A67C-2945B920DBE8}.Release|Any CPU.Build.0 = Release|Any CPU
		{0BA87059-7617-4E37-9319-023F8F5760EE}.Debug|Any CPU.ActiveCfg = Debug|Any CPU
		{0BA87059-7617-4E37-9319-023F8F5760EE}.Debug|Any CPU.Build.0 = Debug|Any CPU
		{0BA87059-7617-4E37-9319-023F8F5760EE}.Release|Any CPU.ActiveCfg = Release|Any CPU
		{0BA87059-7617-4E37-9319-023F8F5760EE}.Release|Any CPU.Build.0 = Release|Any CPU
		{3024A3B2-1E17-4238-8F0B-8BB2F2317640}.Debug|Any CPU.ActiveCfg = Debug|Any CPU
		{3024A3B2-1E17-4238-8F0B-8BB2F2317640}.Debug|Any CPU.Build.0 = Debug|Any CPU
		{3024A3B2-1E17-4238-8F0B-8BB2F2317640}.Release|Any CPU.ActiveCfg = Release|Any CPU
		{3024A3B2-1E17-4238-8F0B-8BB2F2317640}.Release|Any CPU.Build.0 = Release|Any CPU
	EndGlobalSection
	GlobalSection(SolutionProperties) = preSolution
		HideSolutionNode = FALSE
	EndGlobalSection
	GlobalSection(NestedProjects) = preSolution
		{BDAFFC02-F0E3-49B7-A67C-2945B920DBE8} = {CEAC2628-C379-4B6D-80C7-C64EE5FC737D}
		{0BA87059-7617-4E37-9319-023F8F5760EE} = {CEAC2628-C379-4B6D-80C7-C64EE5FC737D}
		{3024A3B2-1E17-4238-8F0B-8BB2F2317640} = {CEAC2628-C379-4B6D-80C7-C64EE5FC737D}
	EndGlobalSection
	GlobalSection(ExtensibilityGlobals) = postSolution
		SolutionGuid = {92C2A5CA-5659-4122-B6F8-64033480F981}
	EndGlobalSection
EndGlobal
