
Microsoft Visual Studio Solution File, Format Version 12.00
# Visual Studio Version 17
VisualStudioVersion = 17.11.35222.181
MinimumVisualStudioVersion = 10.0.40219.1
Project("{FAE04EC0-301F-11D3-BF4B-00C04F79EFBC}") = "Learn2CodeV2", "Learn2CodeV2\Learn2CodeV2.csproj", "{30BEB49B-380C-4C45-922C-73B210C39F12}"
EndProject
Project("{FAE04EC0-301F-11D3-BF4B-00C04F79EFBC}") = "PositionTests.Tests", "PositionTests.Tests\PositionTests.Tests.csproj", "{BDAFFC02-F0E3-49B7-A67C-2945B920DBE8}"
EndProject
Project("{FAE04EC0-301F-11D3-BF4B-00C04F79EFBC}") = "GridTests", "GridTests\GridTests.csproj", "{C92B30FA-EB00-4B76-AE48-CBE0810C4466}"
EndProject
Global
	GlobalSection(SolutionConfigurationPlatforms) = preSolution
		Debug|Any CPU = Debug|Any CPU
		Release|Any CPU = Release|Any CPU
	EndGlobalSection
	GlobalSection(ProjectConfigurationPlatforms) = postSolution
		{30BEB49B-380C-4C45-922C-73B210C39F12}.Debug|Any CPU.ActiveCfg = Debug|Any CPU
		{30BEB49B-380C-4C45-922C-73B210C39F12}.Debug|Any CPU.Build.0 = Debug|Any CPU
		{30BEB49B-380C-4C45-922C-73B210C39F12}.Release|Any CPU.ActiveCfg = Release|Any CPU
		{30BEB49B-380C-4C45-922C-73B210C39F12}.Release|Any CPU.Build.0 = Release|Any CPU
		{BDAFFC02-F0E3-49B7-A67C-2945B920DBE8}.Debug|Any CPU.ActiveCfg = Debug|Any CPU
		{BDAFFC02-F0E3-49B7-A67C-2945B920DBE8}.Debug|Any CPU.Build.0 = Debug|Any CPU
		{BDAFFC02-F0E3-49B7-A67C-2945B920DBE8}.Release|Any CPU.ActiveCfg = Release|Any CPU
		{BDAFFC02-F0E3-49B7-A67C-2945B920DBE8}.Release|Any CPU.Build.0 = Release|Any CPU
		{C92B30FA-EB00-4B76-AE48-CBE0810C4466}.Debug|Any CPU.ActiveCfg = Debug|Any CPU
		{C92B30FA-EB00-4B76-AE48-CBE0810C4466}.Debug|Any CPU.Build.0 = Debug|Any CPU
		{C92B30FA-EB00-4B76-AE48-CBE0810C4466}.Release|Any CPU.ActiveCfg = Release|Any CPU
		{C92B30FA-EB00-4B76-AE48-CBE0810C4466}.Release|Any CPU.Build.0 = Release|Any CPU
	EndGlobalSection
	GlobalSection(SolutionProperties) = preSolution
		HideSolutionNode = FALSE
	EndGlobalSection
	GlobalSection(ExtensibilityGlobals) = postSolution
		SolutionGuid = {92C2A5CA-5659-4122-B6F8-64033480F981}
	EndGlobalSection
EndGlobal
